{
  "name": "npm-powered-log",
  "version": "1.0.0",
  "lockfileVersion": 2,
  "requires": true,
  "packages": {
    "": {
      "name": "npm-powered-log",
      "version": "1.0.0",
      "license": "ISC",
      "dependencies": {
        "powered-log": "^1.2.2"
      }
    },
    "node_modules/powered-log": {
      "version": "1.2.2",
      "resolved": "https://registry.npmjs.org/powered-log/-/powered-log-1.2.2.tgz",
      "integrity": "sha512-Uu8vOuVOlAZHY5UfswFq1CKIZRzD2ezX+g7SsuL8qd19TS59yPipf56MxgI7bO/96l9EwRorF1R8sfL9a33bbA=="
    }
  },
  "dependencies": {
    "powered-log": {
      "version": "1.2.2",
      "resolved": "https://registry.npmjs.org/powered-log/-/powered-log-1.2.2.tgz",
      "integrity": "sha512-Uu8vOuVOlAZHY5UfswFq1CKIZRzD2ezX+g7SsuL8qd19TS59yPipf56MxgI7bO/96l9EwRorF1R8sfL9a33bbA=="
    }
  }
}
